
Microsoft Visual Studio Solution File, Format Version 12.00
# Visual Studio Version 16
VisualStudioVersion = 16.0.30611.23
MinimumVisualStudioVersion = 10.0.40219.1
Project("{FAE04EC0-301F-11D3-BF4B-00C04F79EFBC}") = "Marian_Bianca_Lab8", "Marian_Bianca_Lab8.csproj", "{43D7F480-DEF4-4DDF-8A92-95117F423D7D}"
EndProject
Global
	GlobalSection(SolutionConfigurationPlatforms) = preSolution
		Debug|Any CPU = Debug|Any CPU
		Release|Any CPU = Release|Any CPU
	EndGlobalSection
	GlobalSection(ProjectConfigurationPlatforms) = postSolution
		{43D7F480-DEF4-4DDF-8A92-95117F423D7D}.Debug|Any CPU.ActiveCfg = Debug|Any CPU
		{43D7F480-DEF4-4DDF-8A92-95117F423D7D}.Debug|Any CPU.Build.0 = Debug|Any CPU
		{43D7F480-DEF4-4DDF-8A92-95117F423D7D}.Release|Any CPU.ActiveCfg = Release|Any CPU
		{43D7F480-DEF4-4DDF-8A92-95117F423D7D}.Release|Any CPU.Build.0 = Release|Any CPU
	EndGlobalSection
	GlobalSection(SolutionProperties) = preSolution
		HideSolutionNode = FALSE
	EndGlobalSection
	GlobalSection(ExtensibilityGlobals) = postSolution
		SolutionGuid = {68325484-5788-4238-88AD-8FE555A3F473}
	EndGlobalSection
EndGlobal
